
Microsoft Visual Studio Solution File, Format Version 12.00
# Visual Studio Version 17
VisualStudioVersion = 17.13.35806.99
MinimumVisualStudioVersion = 10.0.40219.1
Project("{FAE04EC0-301F-11D3-BF4B-00C04F79EFBC}") = "MusicWebAPI.API", "MusicWebAPI\MusicWebAPI.API.csproj", "{EE7372A8-88C6-4270-A0BB-7B0483F2124F}"
EndProject
Project("{FAE04EC0-301F-11D3-BF4B-00C04F79EFBC}") = "MusicWebAPI.Application", "MusicWebAPI.Application\MusicWebAPI.Application.csproj", "{751A8036-4E6E-4F86-987C-846DB6C99EF6}"
EndProject
Project("{FAE04EC0-301F-11D3-BF4B-00C04F79EFBC}") = "MusicWebAPI.Core", "MusicWebAPI.Core\MusicWebAPI.Core.csproj", "{3896B690-F4BC-4188-A1D5-1AEE24AD3175}"
EndProject
Project("{FAE04EC0-301F-11D3-BF4B-00C04F79EFBC}") = "MusicWebAPI.Domain", "MusicWebAPI.Domain\MusicWebAPI.Domain.csproj", "{D3EEBFC6-4B11-4BDA-BFC4-0C1FFB1F1B70}"
EndProject
Project("{FAE04EC0-301F-11D3-BF4B-00C04F79EFBC}") = "MusicWebAPI.Infrastructure", "MusicWebAPI.Infrastructure\MusicWebAPI.Infrastructure.csproj", "{B0E09502-CF64-4699-A7F8-C2F4055E9505}"
EndProject
Global
	GlobalSection(SolutionConfigurationPlatforms) = preSolution
		Debug|Any CPU = Debug|Any CPU
		Release|Any CPU = Release|Any CPU
	EndGlobalSection
	GlobalSection(ProjectConfigurationPlatforms) = postSolution
		{EE7372A8-88C6-4270-A0BB-7B0483F2124F}.Debug|Any CPU.ActiveCfg = Debug|Any CPU
		{EE7372A8-88C6-4270-A0BB-7B0483F2124F}.Debug|Any CPU.Build.0 = Debug|Any CPU
		{EE7372A8-88C6-4270-A0BB-7B0483F2124F}.Release|Any CPU.ActiveCfg = Release|Any CPU
		{EE7372A8-88C6-4270-A0BB-7B0483F2124F}.Release|Any CPU.Build.0 = Release|Any CPU
		{751A8036-4E6E-4F86-987C-846DB6C99EF6}.Debug|Any CPU.ActiveCfg = Debug|Any CPU
		{751A8036-4E6E-4F86-987C-846DB6C99EF6}.Debug|Any CPU.Build.0 = Debug|Any CPU
		{751A8036-4E6E-4F86-987C-846DB6C99EF6}.Release|Any CPU.ActiveCfg = Release|Any CPU
		{751A8036-4E6E-4F86-987C-846DB6C99EF6}.Release|Any CPU.Build.0 = Release|Any CPU
		{3896B690-F4BC-4188-A1D5-1AEE24AD3175}.Debug|Any CPU.ActiveCfg = Debug|Any CPU
		{3896B690-F4BC-4188-A1D5-1AEE24AD3175}.Debug|Any CPU.Build.0 = Debug|Any CPU
		{3896B690-F4BC-4188-A1D5-1AEE24AD3175}.Release|Any CPU.ActiveCfg = Release|Any CPU
		{3896B690-F4BC-4188-A1D5-1AEE24AD3175}.Release|Any CPU.Build.0 = Release|Any CPU
		{D3EEBFC6-4B11-4BDA-BFC4-0C1FFB1F1B70}.Debug|Any CPU.ActiveCfg = Debug|Any CPU
		{D3EEBFC6-4B11-4BDA-BFC4-0C1FFB1F1B70}.Debug|Any CPU.Build.0 = Debug|Any CPU
		{D3EEBFC6-4B11-4BDA-BFC4-0C1FFB1F1B70}.Release|Any CPU.ActiveCfg = Release|Any CPU
		{D3EEBFC6-4B11-4BDA-BFC4-0C1FFB1F1B70}.Release|Any CPU.Build.0 = Release|Any CPU
		{B0E09502-CF64-4699-A7F8-C2F4055E9505}.Debug|Any CPU.ActiveCfg = Debug|Any CPU
		{B0E09502-CF64-4699-A7F8-C2F4055E9505}.Debug|Any CPU.Build.0 = Debug|Any CPU
		{B0E09502-CF64-4699-A7F8-C2F4055E9505}.Release|Any CPU.ActiveCfg = Release|Any CPU
		{B0E09502-CF64-4699-A7F8-C2F4055E9505}.Release|Any CPU.Build.0 = Release|Any CPU
	EndGlobalSection
	GlobalSection(SolutionProperties) = preSolution
		HideSolutionNode = FALSE
	EndGlobalSection
	GlobalSection(ExtensibilityGlobals) = postSolution
		SolutionGuid = {24CF3DCA-B870-4BB5-B9B8-B148C21DA77D}
	EndGlobalSection
EndGlobal
